
Microsoft Visual Studio Solution File, Format Version 12.00
# Visual Studio Version 17
VisualStudioVersion = 17.1.32414.318
MinimumVisualStudioVersion = 10.0.40219.1
Project("{FAE04EC0-301F-11D3-BF4B-00C04F79EFBC}") = "Assignment1_Quiñones", "Assignment1_Quiñones\Assignment1_Quiñones.csproj", "{739CE9BD-13B1-4E21-A827-7D1D5E0728FF}"
EndProject
Global
	GlobalSection(SolutionConfigurationPlatforms) = preSolution
		Debug|Any CPU = Debug|Any CPU
		Release|Any CPU = Release|Any CPU
	EndGlobalSection
	GlobalSection(ProjectConfigurationPlatforms) = postSolution
		{739CE9BD-13B1-4E21-A827-7D1D5E0728FF}.Debug|Any CPU.ActiveCfg = Debug|Any CPU
		{739CE9BD-13B1-4E21-A827-7D1D5E0728FF}.Debug|Any CPU.Build.0 = Debug|Any CPU
		{739CE9BD-13B1-4E21-A827-7D1D5E0728FF}.Release|Any CPU.ActiveCfg = Release|Any CPU
		{739CE9BD-13B1-4E21-A827-7D1D5E0728FF}.Release|Any CPU.Build.0 = Release|Any CPU
	EndGlobalSection
	GlobalSection(SolutionProperties) = preSolution
		HideSolutionNode = FALSE
	EndGlobalSection
	GlobalSection(ExtensibilityGlobals) = postSolution
		SolutionGuid = {84959328-00F7-41AE-A846-7BAA10F8545D}
	EndGlobalSection
EndGlobal
